
Microsoft Visual Studio Solution File, Format Version 12.00
# Visual Studio 15
VisualStudioVersion = 15.0.26730.12
MinimumVisualStudioVersion = 10.0.40219.1
Project("{FAE04EC0-301F-11D3-BF4B-00C04F79EFBC}") = "homework0909_1", "homework0909_1\homework0909_1.csproj", "{3249C30F-B79D-4B4A-96CD-67553CC29D4D}"
EndProject
Global
	GlobalSection(SolutionConfigurationPlatforms) = preSolution
		Debug|Any CPU = Debug|Any CPU
		Release|Any CPU = Release|Any CPU
	EndGlobalSection
	GlobalSection(ProjectConfigurationPlatforms) = postSolution
		{3249C30F-B79D-4B4A-96CD-67553CC29D4D}.Debug|Any CPU.ActiveCfg = Debug|Any CPU
		{3249C30F-B79D-4B4A-96CD-67553CC29D4D}.Debug|Any CPU.Build.0 = Debug|Any CPU
		{3249C30F-B79D-4B4A-96CD-67553CC29D4D}.Release|Any CPU.ActiveCfg = Release|Any CPU
		{3249C30F-B79D-4B4A-96CD-67553CC29D4D}.Release|Any CPU.Build.0 = Release|Any CPU
	EndGlobalSection
	GlobalSection(SolutionProperties) = preSolution
		HideSolutionNode = FALSE
	EndGlobalSection
	GlobalSection(ExtensibilityGlobals) = postSolution
		SolutionGuid = {39C6531B-43E4-4002-9032-FB9CC3EAF812}
	EndGlobalSection
EndGlobal
