
Microsoft Visual Studio Solution File, Format Version 12.00
# Visual Studio 15
VisualStudioVersion = 15.0.26730.12
MinimumVisualStudioVersion = 10.0.40219.1
Project("{FAE04EC0-301F-11D3-BF4B-00C04F79EFBC}") = "homework0904_3", "homework0904_3\homework0904_3.csproj", "{15C3CF28-EC7F-4D9C-B6A1-90D91DD49D81}"
EndProject
Global
	GlobalSection(SolutionConfigurationPlatforms) = preSolution
		Debug|Any CPU = Debug|Any CPU
		Release|Any CPU = Release|Any CPU
	EndGlobalSection
	GlobalSection(ProjectConfigurationPlatforms) = postSolution
		{15C3CF28-EC7F-4D9C-B6A1-90D91DD49D81}.Debug|Any CPU.ActiveCfg = Debug|Any CPU
		{15C3CF28-EC7F-4D9C-B6A1-90D91DD49D81}.Debug|Any CPU.Build.0 = Debug|Any CPU
		{15C3CF28-EC7F-4D9C-B6A1-90D91DD49D81}.Release|Any CPU.ActiveCfg = Release|Any CPU
		{15C3CF28-EC7F-4D9C-B6A1-90D91DD49D81}.Release|Any CPU.Build.0 = Release|Any CPU
	EndGlobalSection
	GlobalSection(SolutionProperties) = preSolution
		HideSolutionNode = FALSE
	EndGlobalSection
	GlobalSection(ExtensibilityGlobals) = postSolution
		SolutionGuid = {42CC5CB0-A864-45A8-8121-0BD7510DD87C}
	EndGlobalSection
EndGlobal
