
Microsoft Visual Studio Solution File, Format Version 12.00
# Visual Studio 15
VisualStudioVersion = 15.0.26730.12
MinimumVisualStudioVersion = 10.0.40219.1
Project("{FAE04EC0-301F-11D3-BF4B-00C04F79EFBC}") = "homework0905_1", "homework0905_1\homework0905_1.csproj", "{406CA2D0-3FD7-4887-94E2-A6F3A50B839A}"
EndProject
Global
	GlobalSection(SolutionConfigurationPlatforms) = preSolution
		Debug|Any CPU = Debug|Any CPU
		Release|Any CPU = Release|Any CPU
	EndGlobalSection
	GlobalSection(ProjectConfigurationPlatforms) = postSolution
		{406CA2D0-3FD7-4887-94E2-A6F3A50B839A}.Debug|Any CPU.ActiveCfg = Debug|Any CPU
		{406CA2D0-3FD7-4887-94E2-A6F3A50B839A}.Debug|Any CPU.Build.0 = Debug|Any CPU
		{406CA2D0-3FD7-4887-94E2-A6F3A50B839A}.Release|Any CPU.ActiveCfg = Release|Any CPU
		{406CA2D0-3FD7-4887-94E2-A6F3A50B839A}.Release|Any CPU.Build.0 = Release|Any CPU
	EndGlobalSection
	GlobalSection(SolutionProperties) = preSolution
		HideSolutionNode = FALSE
	EndGlobalSection
	GlobalSection(ExtensibilityGlobals) = postSolution
		SolutionGuid = {5EEB77DB-D1F6-4A7A-9F0C-AC031C3F6461}
	EndGlobalSection
EndGlobal
