
Microsoft Visual Studio Solution File, Format Version 12.00
# Visual Studio 15
VisualStudioVersion = 15.0.26730.12
MinimumVisualStudioVersion = 10.0.40219.1
Project("{FAE04EC0-301F-11D3-BF4B-00C04F79EFBC}") = "homework0910_1", "homework0910_1\homework0910_1.csproj", "{57590D50-FA0F-4CEB-AE36-F48B906D7BDC}"
EndProject
Global
	GlobalSection(SolutionConfigurationPlatforms) = preSolution
		Debug|Any CPU = Debug|Any CPU
		Release|Any CPU = Release|Any CPU
	EndGlobalSection
	GlobalSection(ProjectConfigurationPlatforms) = postSolution
		{57590D50-FA0F-4CEB-AE36-F48B906D7BDC}.Debug|Any CPU.ActiveCfg = Debug|Any CPU
		{57590D50-FA0F-4CEB-AE36-F48B906D7BDC}.Debug|Any CPU.Build.0 = Debug|Any CPU
		{57590D50-FA0F-4CEB-AE36-F48B906D7BDC}.Release|Any CPU.ActiveCfg = Release|Any CPU
		{57590D50-FA0F-4CEB-AE36-F48B906D7BDC}.Release|Any CPU.Build.0 = Release|Any CPU
	EndGlobalSection
	GlobalSection(SolutionProperties) = preSolution
		HideSolutionNode = FALSE
	EndGlobalSection
	GlobalSection(ExtensibilityGlobals) = postSolution
		SolutionGuid = {2792353C-02B7-4C41-8FC6-983B3FA5011C}
	EndGlobalSection
EndGlobal
