
Microsoft Visual Studio Solution File, Format Version 12.00
# Visual Studio 15
VisualStudioVersion = 15.0.26730.12
MinimumVisualStudioVersion = 10.0.40219.1
Project("{FAE04EC0-301F-11D3-BF4B-00C04F79EFBC}") = "homework0904_1", "homework0904_1\homework0904_1.csproj", "{9E3D0150-818C-4EE8-BDED-CC3055208DFA}"
EndProject
Global
	GlobalSection(SolutionConfigurationPlatforms) = preSolution
		Debug|Any CPU = Debug|Any CPU
		Release|Any CPU = Release|Any CPU
	EndGlobalSection
	GlobalSection(ProjectConfigurationPlatforms) = postSolution
		{9E3D0150-818C-4EE8-BDED-CC3055208DFA}.Debug|Any CPU.ActiveCfg = Debug|Any CPU
		{9E3D0150-818C-4EE8-BDED-CC3055208DFA}.Debug|Any CPU.Build.0 = Debug|Any CPU
		{9E3D0150-818C-4EE8-BDED-CC3055208DFA}.Release|Any CPU.ActiveCfg = Release|Any CPU
		{9E3D0150-818C-4EE8-BDED-CC3055208DFA}.Release|Any CPU.Build.0 = Release|Any CPU
	EndGlobalSection
	GlobalSection(SolutionProperties) = preSolution
		HideSolutionNode = FALSE
	EndGlobalSection
	GlobalSection(ExtensibilityGlobals) = postSolution
		SolutionGuid = {868CB1D9-0B40-457F-B3E5-95D8D0484FE7}
	EndGlobalSection
EndGlobal
