
Microsoft Visual Studio Solution File, Format Version 12.00
# Visual Studio 15
VisualStudioVersion = 15.0.26730.12
MinimumVisualStudioVersion = 10.0.40219.1
Project("{FAE04EC0-301F-11D3-BF4B-00C04F79EFBC}") = "homework0902_1", "homework0902_1\homework0902_1.csproj", "{E12BE7AD-63CC-40AC-B3FA-702274AFF9FD}"
EndProject
Global
	GlobalSection(SolutionConfigurationPlatforms) = preSolution
		Debug|Any CPU = Debug|Any CPU
		Release|Any CPU = Release|Any CPU
	EndGlobalSection
	GlobalSection(ProjectConfigurationPlatforms) = postSolution
		{E12BE7AD-63CC-40AC-B3FA-702274AFF9FD}.Debug|Any CPU.ActiveCfg = Debug|Any CPU
		{E12BE7AD-63CC-40AC-B3FA-702274AFF9FD}.Debug|Any CPU.Build.0 = Debug|Any CPU
		{E12BE7AD-63CC-40AC-B3FA-702274AFF9FD}.Release|Any CPU.ActiveCfg = Release|Any CPU
		{E12BE7AD-63CC-40AC-B3FA-702274AFF9FD}.Release|Any CPU.Build.0 = Release|Any CPU
	EndGlobalSection
	GlobalSection(SolutionProperties) = preSolution
		HideSolutionNode = FALSE
	EndGlobalSection
	GlobalSection(ExtensibilityGlobals) = postSolution
		SolutionGuid = {15C2A217-C9E1-42AB-97FF-51DE346D7F6C}
	EndGlobalSection
EndGlobal
