
Microsoft Visual Studio Solution File, Format Version 12.00
# Visual Studio 15
VisualStudioVersion = 15.0.26730.10
MinimumVisualStudioVersion = 10.0.40219.1
Project("{FAE04EC0-301F-11D3-BF4B-00C04F79EFBC}") = "homework_0828_1", "homework_0828_1\homework_0828_1.csproj", "{D549EA19-850F-41ED-93DA-E54C6ECF4AAE}"
EndProject
Global
	GlobalSection(SolutionConfigurationPlatforms) = preSolution
		Debug|Any CPU = Debug|Any CPU
		Release|Any CPU = Release|Any CPU
	EndGlobalSection
	GlobalSection(ProjectConfigurationPlatforms) = postSolution
		{D549EA19-850F-41ED-93DA-E54C6ECF4AAE}.Debug|Any CPU.ActiveCfg = Debug|Any CPU
		{D549EA19-850F-41ED-93DA-E54C6ECF4AAE}.Debug|Any CPU.Build.0 = Debug|Any CPU
		{D549EA19-850F-41ED-93DA-E54C6ECF4AAE}.Release|Any CPU.ActiveCfg = Release|Any CPU
		{D549EA19-850F-41ED-93DA-E54C6ECF4AAE}.Release|Any CPU.Build.0 = Release|Any CPU
	EndGlobalSection
	GlobalSection(SolutionProperties) = preSolution
		HideSolutionNode = FALSE
	EndGlobalSection
	GlobalSection(ExtensibilityGlobals) = postSolution
		SolutionGuid = {059161F7-0762-440B-9CB6-D02535507E05}
	EndGlobalSection
EndGlobal
