
Microsoft Visual Studio Solution File, Format Version 12.00
# Visual Studio 15
VisualStudioVersion = 15.0.26730.12
MinimumVisualStudioVersion = 10.0.40219.1
Project("{FAE04EC0-301F-11D3-BF4B-00C04F79EFBC}") = "HW_Teams", "HW_Teams\HW_Teams.csproj", "{F1CCDA54-E70D-4DA1-9A83-645505273854}"
EndProject
Global
	GlobalSection(SolutionConfigurationPlatforms) = preSolution
		Debug|Any CPU = Debug|Any CPU
		Release|Any CPU = Release|Any CPU
	EndGlobalSection
	GlobalSection(ProjectConfigurationPlatforms) = postSolution
		{F1CCDA54-E70D-4DA1-9A83-645505273854}.Debug|Any CPU.ActiveCfg = Debug|Any CPU
		{F1CCDA54-E70D-4DA1-9A83-645505273854}.Debug|Any CPU.Build.0 = Debug|Any CPU
		{F1CCDA54-E70D-4DA1-9A83-645505273854}.Release|Any CPU.ActiveCfg = Release|Any CPU
		{F1CCDA54-E70D-4DA1-9A83-645505273854}.Release|Any CPU.Build.0 = Release|Any CPU
	EndGlobalSection
	GlobalSection(SolutionProperties) = preSolution
		HideSolutionNode = FALSE
	EndGlobalSection
	GlobalSection(ExtensibilityGlobals) = postSolution
		SolutionGuid = {A9F0110C-EA1B-423D-9179-ABC60A461508}
	EndGlobalSection
EndGlobal
